<?xml version="1.0" encoding="utf-8"?>
<Project ToolsVersion="4.0" xmlns="http://schemas.microsoft.com/developer/msbuild/2003">
  <ItemGroup>
    <ClCompile Include="stdafx.cpp">
      <Filter>Source Files</Filter>
    </ClCompile>
    <ClCompile Include="main.cpp">
      <Filter>Source Files</Filter>
    </ClCompile>
    <ClCompile Include="detector.cpp">
      <Filter>Source Files</Filter>
    </ClCompile>
    <ClCompile Include="dxf.cpp">
      <Filter>Source Files</Filter>
    </ClCompile>
    <ClCompile Include="Contour.cpp">
      <Filter>Source Files</Filter>
    </ClCompile>
  </ItemGroup>
  <ItemGroup>
    <ClInclude Include="stdafx.h">
      <Filter>Header Files</Filter>
    </ClInclude>
    <ClInclude Include="fps.hpp">
      <Filter>Header Files</Filter>
    </ClInclude>
    <ClInclude Include="resource.h">
      <Filter>Header Files</Filter>
    </ClInclude>
    <ClInclude Include="detector.h">
      <Filter>Header Files</Filter>
    </ClInclude>
    <ClInclude Include="cvui.h">
      <Filter>Header Files</Filter>
    </ClInclude>
    <ClInclude Include="dxf.h">
      <Filter>Header Files</Filter>
    </ClInclude>
    <ClInclude Include="Contour.h">
      <Filter>Header Files</Filter>
    </ClInclude>
  </ItemGroup>
  <ItemGroup>
    <Filter Include="Header Files">
      <UniqueIdentifier>{48216f7e-9235-4b9d-a1e1-96abcb8b7859}</UniqueIdentifier>
    </Filter>
    <Filter Include="Source Files">
      <UniqueIdentifier>{c217407b-6911-44a8-a43f-1b28d0a6a677}</UniqueIdentifier>
    </Filter>
    <Filter Include="Resource Files">
      <UniqueIdentifier>{aeed9088-4714-4a79-92e9-3a47f1b4b3e7}</UniqueIdentifier>
    </Filter>
  </ItemGroup>
  <ItemGroup>
    <ResourceCompile Include="eyeglass.rc" />
  </ItemGroup>
</Project>